
Microsoft Visual Studio Solution File, Format Version 12.00
# Visual Studio 2015
Project("{FAE04EC0-301F-11D3-BF4B-00C04F79EFBC}") = "Scorched.CSharp.Plugins", "Scorched.CSharp.Plugins.csproj", "{EDAC1B6C-1EB8-077C-87DB-0450091269E9}"
EndProject
Project("{FAE04EC0-301F-11D3-BF4B-00C04F79EFBC}") = "Scorched.CSharp", "Scorched.CSharp.csproj", "{CAC84246-BC54-998B-E76B-77810B5C6A24}"
EndProject
Project("{FAE04EC0-301F-11D3-BF4B-00C04F79EFBC}") = "Scorched.CSharp.Editor", "Scorched.CSharp.Editor.csproj", "{43AD2F52-E861-70AC-818F-DB05CD4A4A3E}"
EndProject
Global
	GlobalSection(SolutionConfigurationPlatforms) = preSolution
		Debug|Any CPU = Debug|Any CPU
		Release|Any CPU = Release|Any CPU
	EndGlobalSection
	GlobalSection(ProjectConfigurationPlatforms) = postSolution
		{EDAC1B6C-1EB8-077C-87DB-0450091269E9}.Debug|Any CPU.ActiveCfg = Debug|Any CPU
		{EDAC1B6C-1EB8-077C-87DB-0450091269E9}.Debug|Any CPU.Build.0 = Debug|Any CPU
		{EDAC1B6C-1EB8-077C-87DB-0450091269E9}.Release|Any CPU.ActiveCfg = Release|Any CPU
		{EDAC1B6C-1EB8-077C-87DB-0450091269E9}.Release|Any CPU.Build.0 = Release|Any CPU
		{CAC84246-BC54-998B-E76B-77810B5C6A24}.Debug|Any CPU.ActiveCfg = Debug|Any CPU
		{CAC84246-BC54-998B-E76B-77810B5C6A24}.Debug|Any CPU.Build.0 = Debug|Any CPU
		{CAC84246-BC54-998B-E76B-77810B5C6A24}.Release|Any CPU.ActiveCfg = Release|Any CPU
		{CAC84246-BC54-998B-E76B-77810B5C6A24}.Release|Any CPU.Build.0 = Release|Any CPU
		{43AD2F52-E861-70AC-818F-DB05CD4A4A3E}.Debug|Any CPU.ActiveCfg = Debug|Any CPU
		{43AD2F52-E861-70AC-818F-DB05CD4A4A3E}.Debug|Any CPU.Build.0 = Debug|Any CPU
		{43AD2F52-E861-70AC-818F-DB05CD4A4A3E}.Release|Any CPU.ActiveCfg = Release|Any CPU
		{43AD2F52-E861-70AC-818F-DB05CD4A4A3E}.Release|Any CPU.Build.0 = Release|Any CPU
	EndGlobalSection
	GlobalSection(SolutionProperties) = preSolution
		HideSolutionNode = FALSE
	EndGlobalSection
EndGlobal
